
Microsoft Visual Studio Solution File, Format Version 11.00
# Visual Studio 2010
Project("{8BC9CEB8-8B4A-11D0-8D11-00A0C91BC942}") = "QSceneEdit", "QSceneEdit.vcxproj", "{74154412-8921-34CF-B2A5-7308C6176782}"
EndProject
Global
	GlobalSection(SolutionConfigurationPlatforms) = preSolution
		Debug|Win32 = Debug|Win32
		Release|Win32 = Release|Win32
	EndGlobalSection
	GlobalSection(ProjectConfigurationPlatforms) = postSolution
		{74154412-8921-34CF-B2A5-7308C6176782}.Debug|Win32.ActiveCfg = Debug|Win32
		{74154412-8921-34CF-B2A5-7308C6176782}.Debug|Win32.Build.0 = Debug|Win32
		{74154412-8921-34CF-B2A5-7308C6176782}.Release|Win32.ActiveCfg = Release|Win32
		{74154412-8921-34CF-B2A5-7308C6176782}.Release|Win32.Build.0 = Release|Win32
	EndGlobalSection
	GlobalSection(SolutionProperties) = preSolution
		HideSolutionNode = FALSE
	EndGlobalSection
EndGlobal
